
Microsoft Visual Studio Solution File, Format Version 12.00
# Visual Studio Version 17
VisualStudioVersion = 17.6.33829.357
MinimumVisualStudioVersion = 10.0.40219.1
Project("{FAE04EC0-301F-11D3-BF4B-00C04F79EFBC}") = "TryCatchFinallyDemo", "TryCatchFinallyDemo\TryCatchFinallyDemo.csproj", "{A7689B96-7578-4634-B07C-23C16C7DB8D2}"
EndProject
Global
	GlobalSection(SolutionConfigurationPlatforms) = preSolution
		Debug|Any CPU = Debug|Any CPU
		Release|Any CPU = Release|Any CPU
	EndGlobalSection
	GlobalSection(ProjectConfigurationPlatforms) = postSolution
		{A7689B96-7578-4634-B07C-23C16C7DB8D2}.Debug|Any CPU.ActiveCfg = Debug|Any CPU
		{A7689B96-7578-4634-B07C-23C16C7DB8D2}.Debug|Any CPU.Build.0 = Debug|Any CPU
		{A7689B96-7578-4634-B07C-23C16C7DB8D2}.Release|Any CPU.ActiveCfg = Release|Any CPU
		{A7689B96-7578-4634-B07C-23C16C7DB8D2}.Release|Any CPU.Build.0 = Release|Any CPU
	EndGlobalSection
	GlobalSection(SolutionProperties) = preSolution
		HideSolutionNode = FALSE
	EndGlobalSection
	GlobalSection(ExtensibilityGlobals) = postSolution
		SolutionGuid = {A70937D8-B612-4201-9D60-36508F4F3BBF}
	EndGlobalSection
EndGlobal
